<?xml version="1.0" encoding="utf-8"?>
<Project ToolsVersion="4.0" xmlns="http://schemas.microsoft.com/developer/msbuild/2003">
  <ItemGroup>
    <Filter Include="Source Files">
      <UniqueIdentifier>{4FC737F1-C7A5-4376-A066-2A32D752A2FF}</UniqueIdentifier>
      <Extensions>cpp;c;cc;cxx;def;odl;idl;hpj;bat;asm;asmx</Extensions>
    </Filter>
    <Filter Include="Source Files\Parser">
      <UniqueIdentifier>{7f6caaea-3402-44e3-85d7-7fcbd6e2a18e}</UniqueIdentifier>
    </Filter>
    <Filter Include="Source Files\Runtime">
      <UniqueIdentifier>{2a263db3-d099-4aa9-a158-6c755eb9df29}</UniqueIdentifier>
    </Filter>
    <Filter Include="Header Files">
      <UniqueIdentifier>{93995380-89BD-4b04-88EB-625FBE52EBFB}</UniqueIdentifier>
      <Extensions>h;hpp;hxx;hm;inl;inc;xsd</Extensions>
    </Filter>
    <Filter Include="Header Files\Parser">
      <UniqueIdentifier>{f99a91fc-e20f-48ab-9910-6e7a2572b2fc}</UniqueIdentifier>
    </Filter>
    <Filter Include="Grammar rules">
      <UniqueIdentifier>{e23981d0-8950-4b1f-a241-8268d586deea}</UniqueIdentifier>
    </Filter>
    <Filter Include="Source Files\Runtime\Data">
      <UniqueIdentifier>{57524d30-f543-46b0-a070-064b8765166d}</UniqueIdentifier>
    </Filter>
    <Filter Include="Header Files\Runtime">
      <UniqueIdentifier>{1db81756-4ac6-4180-b210-b7604ea9034f}</UniqueIdentifier>
    </Filter>
    <Filter Include="Header Files\Runtime\IntForm">
      <UniqueIdentifier>{80001741-01b1-4218-91aa-1045f98dba96}</UniqueIdentifier>
    </Filter>
    <Filter Include="Source Files\Runtime\IntForm">
      <UniqueIdentifier>{7df96ea4-bc7f-47d4-a759-ec017e2b6205}</UniqueIdentifier>
    </Filter>
    <Filter Include="Source Files\Utils">
      <UniqueIdentifier>{99328511-0271-4f7e-b37d-dde9b45c0010}</UniqueIdentifier>
    </Filter>
    <Filter Include="Header Files\Utils">
      <UniqueIdentifier>{d586f75f-ba1e-46e2-bb53-c5dd60d55025}</UniqueIdentifier>
    </Filter>
    <Filter Include="Header Files\Runtime\Data">
      <UniqueIdentifier>{46db1307-03ba-467d-b373-1b6aaa4271c8}</UniqueIdentifier>
    </Filter>
  </ItemGroup>
  <ItemGroup>
    <ClCompile Include="..\Parser\AST.cpp">
      <Filter>Source Files\Parser</Filter>
    </ClCompile>
    <ClCompile Include="..\Parser\Generated\Flex\FlexScanner.cpp">
      <Filter>Source Files\Parser</Filter>
    </ClCompile>
    <ClCompile Include="..\Parser\Nodes.cpp">
      <Filter>Source Files\Parser</Filter>
    </ClCompile>
    <ClCompile Include="..\Parser\NodeVisitor.cpp">
      <Filter>Source Files\Parser</Filter>
    </ClCompile>
    <ClCompile Include="..\Parser\Generated\Parser.tab.cc">
      <Filter>Source Files\Parser</Filter>
    </ClCompile>
    <ClCompile Include="..\Parser\Semantic.cpp">
      <Filter>Source Files\Parser</Filter>
    </ClCompile>
    <ClCompile Include="..\Parser\Support.cpp">
      <Filter>Source Files\Parser</Filter>
    </ClCompile>
    <ClCompile Include="..\Parser\Tokenizer.cpp">
      <Filter>Source Files\Parser</Filter>
    </ClCompile>
    <ClCompile Include="Main.cpp">
      <Filter>Source Files\Runtime</Filter>
    </ClCompile>
    <ClCompile Include="FScheme.cpp">
      <Filter>Source Files\Runtime</Filter>
    </ClCompile>
    <ClCompile Include="FSchemeGenerator.cpp">
      <Filter>Source Files\Runtime</Filter>
    </ClCompile>
    <ClCompile Include="DataTypes\String.cpp">
      <Filter>Source Files\Runtime\Data</Filter>
    </ClCompile>
    <ClCompile Include="ConstructorGenerator.cpp">
      <Filter>Source Files\Runtime</Filter>
    </ClCompile>
    <ClCompile Include="StandartLibrary.cpp">
      <Filter>Source Files\Runtime</Filter>
    </ClCompile>
    <ClCompile Include="DataTypes\Array.cpp">
      <Filter>Source Files\Runtime\Data</Filter>
    </ClCompile>
    <ClCompile Include="NodeDeleter.cpp">
      <Filter>Source Files\Runtime</Filter>
    </ClCompile>
    <ClCompile Include="CollectedHeap.cpp">
      <Filter>Source Files\Runtime</Filter>
    </ClCompile>
    <ClCompile Include="GarbageCollector.cpp">
      <Filter>Source Files\Runtime</Filter>
    </ClCompile>
    <ClCompile Include="IntForm\Generator.cpp">
      <Filter>Source Files\Runtime\IntForm</Filter>
    </ClCompile>
    <ClCompile Include="IntForm\InternalForm.cpp">
      <Filter>Source Files\Runtime\IntForm</Filter>
    </ClCompile>
    <ClCompile Include="EvaluatorUnit.cpp">
      <Filter>Source Files\Runtime</Filter>
    </ClCompile>
    <ClCompile Include="DataTypes\Types.cpp">
      <Filter>Source Files\Runtime\Data</Filter>
    </ClCompile>
    <ClCompile Include="DataTypes\Data.cpp">
      <Filter>Source Files\Runtime\Data</Filter>
    </ClCompile>
    <ClCompile Include="DataTypes\Bool.cpp">
      <Filter>Source Files\Runtime\Data</Filter>
    </ClCompile>
    <ClCompile Include="DataTypes\Double.cpp">
      <Filter>Source Files\Runtime\Data</Filter>
    </ClCompile>
    <ClCompile Include="DataTypes\Int.cpp">
      <Filter>Source Files\Runtime\Data</Filter>
    </ClCompile>
    <ClCompile Include="DataTypes\Undefined.cpp">
      <Filter>Source Files\Runtime\Data</Filter>
    </ClCompile>
    <ClCompile Include="ADT.cpp">
      <Filter>Source Files\Runtime\Data</Filter>
    </ClCompile>
    <ClCompile Include="FunctionLibrary.cpp">
      <Filter>Source Files\Runtime</Filter>
    </ClCompile>
    <ClCompile Include="Context.cpp">
      <Filter>Source Files\Runtime</Filter>
    </ClCompile>
    <ClCompile Include="Run.cpp">
      <Filter>Source Files\Runtime</Filter>
    </ClCompile>
  </ItemGroup>
  <ItemGroup>
    <ClInclude Include="..\Parser\AST.h">
      <Filter>Header Files\Parser</Filter>
    </ClInclude>
    <ClInclude Include="..\Parser\FlexTokenizer.h">
      <Filter>Header Files\Parser</Filter>
    </ClInclude>
    <ClInclude Include="..\Parser\Ident.h">
      <Filter>Header Files\Parser</Filter>
    </ClInclude>
    <ClInclude Include="..\Parser\Nodes.h">
      <Filter>Header Files\Parser</Filter>
    </ClInclude>
    <ClInclude Include="..\Parser\NodeVisitor.h">
      <Filter>Header Files\Parser</Filter>
    </ClInclude>
    <ClInclude Include="..\Parser\SemanticCheck.h">
      <Filter>Header Files\Parser</Filter>
    </ClInclude>
    <ClInclude Include="..\Parser\Support.h">
      <Filter>Header Files\Parser</Filter>
    </ClInclude>
    <ClInclude Include="..\Parser\Tokenizer.h">
      <Filter>Header Files\Parser</Filter>
    </ClInclude>
    <ClInclude Include="ConstructorGenerator.h">
      <Filter>Header Files\Runtime</Filter>
    </ClInclude>
    <ClInclude Include="FScheme.h">
      <Filter>Header Files\Runtime</Filter>
    </ClInclude>
    <ClInclude Include="FSchemeGenerator.h">
      <Filter>Header Files\Runtime</Filter>
    </ClInclude>
    <ClInclude Include="WorkStealingQueue.h">
      <Filter>Header Files\Runtime</Filter>
    </ClInclude>
    <ClInclude Include="StandartLibrary.h">
      <Filter>Header Files\Runtime</Filter>
    </ClInclude>
    <ClInclude Include="FSchemeVisitor.h">
      <Filter>Header Files\Runtime</Filter>
    </ClInclude>
    <ClInclude Include="NodeDeleter.h">
      <Filter>Header Files\Runtime</Filter>
    </ClInclude>
    <ClInclude Include="CollectedHeap.h">
      <Filter>Header Files\Runtime</Filter>
    </ClInclude>
    <ClInclude Include="BlockingQueue.h">
      <Filter>Header Files\Runtime</Filter>
    </ClInclude>
    <ClInclude Include="GcAwarePtr.h">
      <Filter>Header Files\Runtime</Filter>
    </ClInclude>
    <ClInclude Include="IntForm\InternalForm.h">
      <Filter>Header Files\Runtime\IntForm</Filter>
    </ClInclude>
    <ClInclude Include="IntForm\Generator.h">
      <Filter>Header Files\Runtime\IntForm</Filter>
    </ClInclude>
    <ClInclude Include="IntForm\ControlValue.h">
      <Filter>Header Files\Runtime\IntForm</Filter>
    </ClInclude>
    <ClInclude Include="LockFreeWorkStealingQueue.h">
      <Filter>Header Files\Runtime</Filter>
    </ClInclude>
    <ClInclude Include="..\Utils\FormatedOutput.h">
      <Filter>Header Files\Utils</Filter>
    </ClInclude>
    <ClInclude Include="GarbageCollector.h">
      <Filter>Header Files\Runtime</Filter>
    </ClInclude>
    <ClInclude Include="DataTypes\Data.h">
      <Filter>Header Files\Runtime\Data</Filter>
    </ClInclude>
    <ClInclude Include="DataTypes\String.h">
      <Filter>Header Files\Runtime\Data</Filter>
    </ClInclude>
    <ClInclude Include="DataTypes\Types.h">
      <Filter>Header Files\Runtime\Data</Filter>
    </ClInclude>
    <ClInclude Include="DataTypes\ADT.h">
      <Filter>Header Files\Runtime\Data</Filter>
    </ClInclude>
    <ClInclude Include="DataTypes\Array.h">
      <Filter>Header Files\Runtime\Data</Filter>
    </ClInclude>
    <ClInclude Include="FunctionLibrary.h">
      <Filter>Header Files\Runtime</Filter>
    </ClInclude>
    <ClInclude Include="Context.h">
      <Filter>Header Files\Runtime</Filter>
    </ClInclude>
    <ClInclude Include="EvaluatorUnit.h">
      <Filter>Header Files\Runtime</Filter>
    </ClInclude>
    <ClInclude Include="Run.h">
      <Filter>Header Files\Runtime</Filter>
    </ClInclude>
  </ItemGroup>
  <ItemGroup>
    <None Include="..\Parser\parser.yy">
      <Filter>Grammar rules</Filter>
    </None>
    <None Include="..\Parser\tokenizer.flex">
      <Filter>Grammar rules</Filter>
    </None>
    <None Include="Bugs.txt" />
  </ItemGroup>
</Project>