<?xml version="1.0" encoding="utf-8"?>
<Project ToolsVersion="4.0" xmlns="http://schemas.microsoft.com/developer/msbuild/2003">
  <ItemGroup>
    <Filter Include="Grammar rules">
      <UniqueIdentifier>{e23981d0-8950-4b1f-a241-8268d586deea}</UniqueIdentifier>
    </Filter>
    <Filter Include="Source">
      <UniqueIdentifier>{93995380-89BD-4b04-88EB-625FBE52EBFB}</UniqueIdentifier>
      <Extensions>h;hpp;hxx;hm;inl;inc;xsd</Extensions>
    </Filter>
    <Filter Include="Source\Parser">
      <UniqueIdentifier>{f99a91fc-e20f-48ab-9910-6e7a2572b2fc}</UniqueIdentifier>
    </Filter>
    <Filter Include="Source\Parser\Generated">
      <UniqueIdentifier>{d40f6c13-bb42-43ab-b6a4-3dd14e830659}</UniqueIdentifier>
    </Filter>
    <Filter Include="Source\Utils">
      <UniqueIdentifier>{d586f75f-ba1e-46e2-bb53-c5dd60d55025}</UniqueIdentifier>
    </Filter>
    <Filter Include="Source\Evaluator">
      <UniqueIdentifier>{71daa11c-b606-4801-b9a0-24cc77c9b32b}</UniqueIdentifier>
    </Filter>
    <Filter Include="Source\FScheme">
      <UniqueIdentifier>{0d483e0c-bb70-4a3a-bef1-ffb9ca5e7eb1}</UniqueIdentifier>
    </Filter>
    <Filter Include="Source\InternalForm">
      <UniqueIdentifier>{80001741-01b1-4218-91aa-1045f98dba96}</UniqueIdentifier>
    </Filter>
    <Filter Include="Source\Libraries">
      <UniqueIdentifier>{9cd4a8d2-e276-4b9e-8061-ac555220a020}</UniqueIdentifier>
    </Filter>
    <Filter Include="Source\GC">
      <UniqueIdentifier>{5f77619e-f61b-4816-8772-edc81819cb55}</UniqueIdentifier>
    </Filter>
    <Filter Include="Source\Interpreter">
      <UniqueIdentifier>{c31516dd-e712-460a-be86-8b1fb46713ff}</UniqueIdentifier>
    </Filter>
    <Filter Include="Source\Libraries\Std">
      <UniqueIdentifier>{8cbc8fbe-d533-4981-a83c-e21ff19efc4b}</UniqueIdentifier>
    </Filter>
    <Filter Include="Source\Libraries\Array">
      <UniqueIdentifier>{91456999-b902-4b24-915b-bf41e49ca54b}</UniqueIdentifier>
    </Filter>
    <Filter Include="Source\Libraries\File">
      <UniqueIdentifier>{71bc5098-32c8-4c02-ab74-a08473ef2ca7}</UniqueIdentifier>
    </Filter>
    <Filter Include="Source\Libraries\Time">
      <UniqueIdentifier>{e82e4196-7668-4179-92ff-a4e4187bf28e}</UniqueIdentifier>
    </Filter>
    <Filter Include="Source\Libraries\ADT">
      <UniqueIdentifier>{c7d9d4c4-3d74-490a-9240-2c6d611eb654}</UniqueIdentifier>
    </Filter>
    <Filter Include="Source\Libraries\String">
      <UniqueIdentifier>{68504f3c-f6a8-4a70-9292-20a35b2026d5}</UniqueIdentifier>
    </Filter>
  </ItemGroup>
  <ItemGroup>
    <ClCompile Include="DataTypes\Ops\UndefinedOps.h">
      <Filter>Source\Libraries\Std</Filter>
    </ClCompile>
    <ClCompile Include="DataTypes\Ops\IntegerOps.h">
      <Filter>Source\Libraries\Std</Filter>
    </ClCompile>
    <ClCompile Include="DataTypes\Ops\DoubleOps.h">
      <Filter>Source\Libraries\Std</Filter>
    </ClCompile>
    <ClCompile Include="DataTypes\Ops\BooleanOps.h">
      <Filter>Source\Libraries\Std</Filter>
    </ClCompile>
    <ClCompile Include="DataTypes\Ops\Ops.cpp">
      <Filter>Source\Libraries\Std</Filter>
    </ClCompile>
    <ClCompile Include="DataTypes\TypeInfo.cpp">
      <Filter>Source\Libraries</Filter>
    </ClCompile>
    <ClCompile Include="Evaluator\Context.cpp">
      <Filter>Source\Evaluator</Filter>
    </ClCompile>
    <ClCompile Include="Evaluator\EvaluatorUnit.cpp">
      <Filter>Source\Evaluator</Filter>
    </ClCompile>
    <ClCompile Include="Evaluator\Run.cpp">
      <Filter>Source\Evaluator</Filter>
    </ClCompile>
    <ClCompile Include="FScheme\ConstructorGenerator.cpp">
      <Filter>Source\FScheme</Filter>
    </ClCompile>
    <ClCompile Include="FScheme\FScheme.cpp">
      <Filter>Source\FScheme</Filter>
    </ClCompile>
    <ClCompile Include="FScheme\FSchemeGenerator.cpp">
      <Filter>Source\FScheme</Filter>
    </ClCompile>
    <ClCompile Include="FScheme\FSchemeSerializer.cpp">
      <Filter>Source\FScheme</Filter>
    </ClCompile>
    <ClCompile Include="FScheme\NewFSchemeGenerator.cpp">
      <Filter>Source\FScheme</Filter>
    </ClCompile>
    <ClCompile Include="FScheme\NodeDeleter.cpp">
      <Filter>Source\FScheme</Filter>
    </ClCompile>
    <ClCompile Include="GC\CollectedHeap.cpp">
      <Filter>Source\GC</Filter>
    </ClCompile>
    <ClCompile Include="GC\GarbageCollector.cpp">
      <Filter>Source\GC</Filter>
    </ClCompile>
    <ClCompile Include="InternalForm\Generator.cpp">
      <Filter>Source\InternalForm</Filter>
    </ClCompile>
    <ClCompile Include="InternalForm\InternalForm.cpp">
      <Filter>Source\InternalForm</Filter>
    </ClCompile>
    <ClCompile Include="Interpreter\Interpreter.cpp">
      <Filter>Source\Interpreter</Filter>
    </ClCompile>
    <ClCompile Include="IO\File.cpp">
      <Filter>Source\Libraries\File</Filter>
    </ClCompile>
    <ClCompile Include="Libraries\ArrayLib.cpp">
      <Filter>Source\Libraries\Array</Filter>
    </ClCompile>
    <ClCompile Include="Libraries\FunctionLibrary.cpp">
      <Filter>Source\Libraries</Filter>
    </ClCompile>
    <ClCompile Include="Libraries\ArithmeticLib.cpp">
      <Filter>Source\Libraries\Std</Filter>
    </ClCompile>
    <ClCompile Include="Libraries\LogicLib.cpp">
      <Filter>Source\Libraries\Std</Filter>
    </ClCompile>
    <ClCompile Include="Parser\ASTSerializer.cpp">
      <Filter>Source\Parser</Filter>
    </ClCompile>
    <ClCompile Include="Parser\CommandLineParser.cpp">
      <Filter>Source\Parser</Filter>
    </ClCompile>
    <ClCompile Include="Parser\NodeHandler.cpp">
      <Filter>Source\Parser</Filter>
    </ClCompile>
    <ClCompile Include="Parser\Nodes.cpp">
      <Filter>Source\Parser</Filter>
    </ClCompile>
    <ClCompile Include="Parser\NodeVisitor.cpp">
      <Filter>Source\Parser</Filter>
    </ClCompile>
    <ClCompile Include="Parser\Semantic.cpp">
      <Filter>Source\Parser</Filter>
    </ClCompile>
    <ClCompile Include="Parser\Support.cpp">
      <Filter>Source\Parser</Filter>
    </ClCompile>
    <ClCompile Include="Parser\Tokenizer.cpp">
      <Filter>Source\Parser</Filter>
    </ClCompile>
    <ClCompile Include="Parser\Generated\parser.tab.cc">
      <Filter>Source\Parser\Generated</Filter>
    </ClCompile>
    <ClCompile Include="Parser\Generated\Flex\FlexScanner.cpp">
      <Filter>Source\Parser\Generated</Filter>
    </ClCompile>
    <ClCompile Include="Main.cpp">
      <Filter>Source</Filter>
    </ClCompile>
    <ClCompile Include="Libraries\FileLib.cpp">
      <Filter>Source\Libraries\File</Filter>
    </ClCompile>
    <ClCompile Include="Libraries\StandardLib.cpp">
      <Filter>Source\Libraries\Std</Filter>
    </ClCompile>
    <ClCompile Include="Libraries\TimeLib.cpp">
      <Filter>Source\Libraries\Time</Filter>
    </ClCompile>
    <ClCompile Include="DataTypes\Ops\ArrayOps.cpp">
      <Filter>Source\Libraries\Array</Filter>
    </ClCompile>
    <ClCompile Include="DataTypes\Ops\ADTOps.h">
      <Filter>Source\Libraries\ADT</Filter>
    </ClCompile>
    <ClCompile Include="DataTypes\Ops\ADTValue.cpp">
      <Filter>Source\Libraries\ADT</Filter>
    </ClCompile>
    <ClCompile Include="Libraries\StringLib.cpp">
      <Filter>Source\Libraries\String</Filter>
    </ClCompile>
    <ClCompile Include="DataTypes\Ops\StringOps.cpp">
      <Filter>Source\Libraries\String</Filter>
    </ClCompile>
    <ClCompile Include="DataTypes\Values\ArrayValue.cpp">
      <Filter>Source\Libraries\Array</Filter>
    </ClCompile>
  </ItemGroup>
  <ItemGroup>
    <ClInclude Include="Parser\AST.h">
      <Filter>Source\Parser</Filter>
    </ClInclude>
    <ClInclude Include="Parser\FlexTokenizer.h">
      <Filter>Source\Parser</Filter>
    </ClInclude>
    <ClInclude Include="Parser\Ident.h">
      <Filter>Source\Parser</Filter>
    </ClInclude>
    <ClInclude Include="Parser\Nodes.h">
      <Filter>Source\Parser</Filter>
    </ClInclude>
    <ClInclude Include="Parser\NodeVisitor.h">
      <Filter>Source\Parser</Filter>
    </ClInclude>
    <ClInclude Include="Parser\SemanticCheck.h">
      <Filter>Source\Parser</Filter>
    </ClInclude>
    <ClInclude Include="Parser\Support.h">
      <Filter>Source\Parser</Filter>
    </ClInclude>
    <ClInclude Include="Macros.h">
      <Filter>Source</Filter>
    </ClInclude>
    <ClInclude Include="Evaluator\Context.h">
      <Filter>Source\Evaluator</Filter>
    </ClInclude>
    <ClInclude Include="Evaluator\LockFreeWorkStealingQueue.h">
      <Filter>Source\Evaluator</Filter>
    </ClInclude>
    <ClInclude Include="Evaluator\Run.h">
      <Filter>Source\Evaluator</Filter>
    </ClInclude>
    <ClInclude Include="FScheme\ConstructorGenerator.h">
      <Filter>Source\FScheme</Filter>
    </ClInclude>
    <ClInclude Include="FScheme\FScheme.h">
      <Filter>Source\FScheme</Filter>
    </ClInclude>
    <ClInclude Include="FScheme\FSchemeGenerator.h">
      <Filter>Source\FScheme</Filter>
    </ClInclude>
    <ClInclude Include="FScheme\NodeDeleter.h">
      <Filter>Source\FScheme</Filter>
    </ClInclude>
    <ClInclude Include="InternalForm\Generator.h">
      <Filter>Source\InternalForm</Filter>
    </ClInclude>
    <ClInclude Include="InternalForm\InternalForm.h">
      <Filter>Source\InternalForm</Filter>
    </ClInclude>
    <ClInclude Include="Libraries\FunctionLibrary.h">
      <Filter>Source\Libraries</Filter>
    </ClInclude>
    <ClInclude Include="Parser\Generated\Flex\FlexLexer.h">
      <Filter>Source\Parser</Filter>
    </ClInclude>
    <ClInclude Include="Parser\Generated\parser.tab.hh">
      <Filter>Source\Parser\Generated</Filter>
    </ClInclude>
    <ClInclude Include="Parser\Generated\stack.hh">
      <Filter>Source\Parser\Generated</Filter>
    </ClInclude>
    <ClInclude Include="InternalForm\ControlValue.h">
      <Filter>Source\InternalForm</Filter>
    </ClInclude>
    <ClInclude Include="GC\BlockingQueue.h">
      <Filter>Source\GC</Filter>
    </ClInclude>
    <ClInclude Include="GC\CollectedHeap.h">
      <Filter>Source\GC</Filter>
    </ClInclude>
    <ClInclude Include="GC\GarbageCollector.h">
      <Filter>Source\GC</Filter>
    </ClInclude>
    <ClInclude Include="GC\GcAwarePtr.h">
      <Filter>Source\GC</Filter>
    </ClInclude>
    <ClInclude Include="Utils\FormattedOutput.h">
      <Filter>Source\Utils</Filter>
    </ClInclude>
    <ClInclude Include="Parser\CommandLineParser.h">
      <Filter>Source\Parser</Filter>
    </ClInclude>
    <ClInclude Include="Interpreter\Interpreter.h">
      <Filter>Source\Interpreter</Filter>
    </ClInclude>
    <ClInclude Include="Parser\ASTSerializer.h">
      <Filter>Source\Parser</Filter>
    </ClInclude>
    <ClInclude Include="Utils\FileStreamHelper.h">
      <Filter>Source\Utils</Filter>
    </ClInclude>
    <ClInclude Include="Parser\NodeHandler.h">
      <Filter>Source\Parser</Filter>
    </ClInclude>
    <ClInclude Include="FScheme\FSchemeVisitor.h">
      <Filter>Source\FScheme</Filter>
    </ClInclude>
    <ClInclude Include="FScheme\FSchemeSerializer.h">
      <Filter>Source\FScheme</Filter>
    </ClInclude>
    <ClInclude Include="Utils\XmlHelper.h">
      <Filter>Source\Utils</Filter>
    </ClInclude>
    <ClInclude Include="FScheme\NewFSchemeGenerator.h">
      <Filter>Source\FScheme</Filter>
    </ClInclude>
    <ClInclude Include="Libraries\ArrayLib.h">
      <Filter>Source\Libraries\Array</Filter>
    </ClInclude>
    <ClInclude Include="Libraries\LogicLib.h">
      <Filter>Source\Libraries\Std</Filter>
    </ClInclude>
    <ClInclude Include="Libraries\ArithmeticLib.h">
      <Filter>Source\Libraries\Std</Filter>
    </ClInclude>
    <ClInclude Include="DataTypes\Ops\TimeOps.h">
      <Filter>Source\Libraries\Time</Filter>
    </ClInclude>
    <ClInclude Include="DataTypes\Ops\Ops.h">
      <Filter>Source\Libraries\Std</Filter>
    </ClInclude>
    <ClInclude Include="DataTypes\Ops\ArrayOps.h">
      <Filter>Source\Libraries\Array</Filter>
    </ClInclude>
    <ClInclude Include="DataTypes\TypeInfo.h">
      <Filter>Source\Libraries</Filter>
    </ClInclude>
    <ClInclude Include="IO\File.h">
      <Filter>Source\Libraries\File</Filter>
    </ClInclude>
    <ClInclude Include="Libraries\FileLib.h">
      <Filter>Source\Libraries\File</Filter>
    </ClInclude>
    <ClInclude Include="Libraries\StandardLib.h">
      <Filter>Source\Libraries\Std</Filter>
    </ClInclude>
    <ClInclude Include="Libraries\TimeLib.h">
      <Filter>Source\Libraries\Time</Filter>
    </ClInclude>
    <ClInclude Include="DataTypes\Ops\ADTValue.h">
      <Filter>Source\Libraries\ADT</Filter>
    </ClInclude>
    <ClInclude Include="Libraries\StringLib.h">
      <Filter>Source\Libraries\String</Filter>
    </ClInclude>
    <ClInclude Include="DataTypes\Ops\StringOps.h">
      <Filter>Source\Libraries\String</Filter>
    </ClInclude>
    <ClInclude Include="DataTypes\Values\ArrayValue.h">
      <Filter>Source\Libraries\Array</Filter>
    </ClInclude>
    <ClInclude Include="DataTypes\Values\DataValue.h">
      <Filter>Source\Libraries\Std</Filter>
    </ClInclude>
    <ClInclude Include="DataTypes\Values\UndefinedValue.h">
      <Filter>Source\Libraries\Std</Filter>
    </ClInclude>
    <ClInclude Include="TypedFunction.h">
      <Filter>Source\Libraries\Std</Filter>
    </ClInclude>
    <ClInclude Include="TraceInfo.h">
      <Filter>Source\Evaluator</Filter>
    </ClInclude>
    <ClInclude Include="JsonHelper.h">
      <Filter>Source\Utils</Filter>
    </ClInclude>
  </ItemGroup>
  <ItemGroup>
    <None Include="Parser\parser.yy">
      <Filter>Grammar rules</Filter>
    </None>
    <None Include="Parser\tokenizer.flex">
      <Filter>Grammar rules</Filter>
    </None>
  </ItemGroup>
</Project>